
Microsoft Visual Studio Solution File, Format Version 12.00
# Visual Studio Version 17
VisualStudioVersion = 17.8.34330.188
MinimumVisualStudioVersion = 10.0.40219.1
Project("{FAE04EC0-301F-11D3-BF4B-00C04F79EFBC}") = "WpfTest", "WpfTest\WpfTest.csproj", "{F4112A25-926D-4657-A4F2-73D3832FE3BA}"
EndProject
Global
	GlobalSection(SolutionConfigurationPlatforms) = preSolution
		Debug|Any CPU = Debug|Any CPU
		Release|Any CPU = Release|Any CPU
	EndGlobalSection
	GlobalSection(ProjectConfigurationPlatforms) = postSolution
		{F4112A25-926D-4657-A4F2-73D3832FE3BA}.Debug|Any CPU.ActiveCfg = Debug|Any CPU
		{F4112A25-926D-4657-A4F2-73D3832FE3BA}.Debug|Any CPU.Build.0 = Debug|Any CPU
		{F4112A25-926D-4657-A4F2-73D3832FE3BA}.Release|Any CPU.ActiveCfg = Release|Any CPU
		{F4112A25-926D-4657-A4F2-73D3832FE3BA}.Release|Any CPU.Build.0 = Release|Any CPU
	EndGlobalSection
	GlobalSection(SolutionProperties) = preSolution
		HideSolutionNode = FALSE
	EndGlobalSection
	GlobalSection(ExtensibilityGlobals) = postSolution
		SolutionGuid = {29E317E0-B6CF-424F-9F21-3F468FDD0B6C}
	EndGlobalSection
EndGlobal
