
Microsoft Visual Studio Solution File, Format Version 12.00
# Visual Studio Version 17
VisualStudioVersion = 17.8.34330.188
MinimumVisualStudioVersion = 10.0.40219.1
Project("{9A19103F-16F7-4668-BE54-9A1E7A4F7556}") = "lab5_2", "lab5_2.csproj", "{3133B321-4E66-4D3E-AF79-920D62325DA2}"
EndProject
Project("{FAE04EC0-301F-11D3-BF4B-00C04F79EFBC}") = "TestBag", "..\TestBag\TestBag.csproj", "{0E67AFAB-E1A2-4176-937C-0A7B53A098CE}"
EndProject
Global
	GlobalSection(SolutionConfigurationPlatforms) = preSolution
		Debug|Any CPU = Debug|Any CPU
		Release|Any CPU = Release|Any CPU
	EndGlobalSection
	GlobalSection(ProjectConfigurationPlatforms) = postSolution
		{3133B321-4E66-4D3E-AF79-920D62325DA2}.Debug|Any CPU.ActiveCfg = Debug|Any CPU
		{3133B321-4E66-4D3E-AF79-920D62325DA2}.Debug|Any CPU.Build.0 = Debug|Any CPU
		{3133B321-4E66-4D3E-AF79-920D62325DA2}.Release|Any CPU.ActiveCfg = Release|Any CPU
		{3133B321-4E66-4D3E-AF79-920D62325DA2}.Release|Any CPU.Build.0 = Release|Any CPU
		{0E67AFAB-E1A2-4176-937C-0A7B53A098CE}.Debug|Any CPU.ActiveCfg = Debug|Any CPU
		{0E67AFAB-E1A2-4176-937C-0A7B53A098CE}.Debug|Any CPU.Build.0 = Debug|Any CPU
		{0E67AFAB-E1A2-4176-937C-0A7B53A098CE}.Release|Any CPU.ActiveCfg = Release|Any CPU
		{0E67AFAB-E1A2-4176-937C-0A7B53A098CE}.Release|Any CPU.Build.0 = Release|Any CPU
	EndGlobalSection
	GlobalSection(SolutionProperties) = preSolution
		HideSolutionNode = FALSE
	EndGlobalSection
	GlobalSection(ExtensibilityGlobals) = postSolution
		SolutionGuid = {DAEA3FFF-5F2E-4CD4-B096-665733A0A872}
	EndGlobalSection
EndGlobal
