
Microsoft Visual Studio Solution File, Format Version 12.00
# Visual Studio Version 17
VisualStudioVersion = 17.8.34330.188
MinimumVisualStudioVersion = 10.0.40219.1
Project("{9A19103F-16F7-4668-BE54-9A1E7A4F7556}") = "_5_3", "_5_3.csproj", "{A4B5A873-C4AB-41AA-8E2E-6C56321DD909}"
EndProject
Global
	GlobalSection(SolutionConfigurationPlatforms) = preSolution
		Debug|Any CPU = Debug|Any CPU
		Release|Any CPU = Release|Any CPU
	EndGlobalSection
	GlobalSection(ProjectConfigurationPlatforms) = postSolution
		{A4B5A873-C4AB-41AA-8E2E-6C56321DD909}.Debug|Any CPU.ActiveCfg = Debug|Any CPU
		{A4B5A873-C4AB-41AA-8E2E-6C56321DD909}.Debug|Any CPU.Build.0 = Debug|Any CPU
		{A4B5A873-C4AB-41AA-8E2E-6C56321DD909}.Release|Any CPU.ActiveCfg = Release|Any CPU
		{A4B5A873-C4AB-41AA-8E2E-6C56321DD909}.Release|Any CPU.Build.0 = Release|Any CPU
	EndGlobalSection
	GlobalSection(SolutionProperties) = preSolution
		HideSolutionNode = FALSE
	EndGlobalSection
	GlobalSection(ExtensibilityGlobals) = postSolution
		SolutionGuid = {FCFE6CE0-8376-4D73-BBE9-228CDE8C1CD9}
	EndGlobalSection
EndGlobal
