
Microsoft Visual Studio Solution File, Format Version 12.00
# Visual Studio Version 17
VisualStudioVersion = 17.8.34330.188
MinimumVisualStudioVersion = 10.0.40219.1
Project("{9A19103F-16F7-4668-BE54-9A1E7A4F7556}") = "Iteration8", "Iteration8.csproj", "{7F593F5B-1F6E-4B19-ABBA-5D2DAE5C10A4}"
EndProject
Project("{FAE04EC0-301F-11D3-BF4B-00C04F79EFBC}") = "CommandProcessorTest", "..\CommandProcessorTest\CommandProcessorTest.csproj", "{ED33D68B-6E78-4CFA-89C3-392B3680DF58}"
EndProject
Global
	GlobalSection(SolutionConfigurationPlatforms) = preSolution
		Debug|Any CPU = Debug|Any CPU
		Release|Any CPU = Release|Any CPU
	EndGlobalSection
	GlobalSection(ProjectConfigurationPlatforms) = postSolution
		{7F593F5B-1F6E-4B19-ABBA-5D2DAE5C10A4}.Debug|Any CPU.ActiveCfg = Debug|Any CPU
		{7F593F5B-1F6E-4B19-ABBA-5D2DAE5C10A4}.Debug|Any CPU.Build.0 = Debug|Any CPU
		{7F593F5B-1F6E-4B19-ABBA-5D2DAE5C10A4}.Release|Any CPU.ActiveCfg = Release|Any CPU
		{7F593F5B-1F6E-4B19-ABBA-5D2DAE5C10A4}.Release|Any CPU.Build.0 = Release|Any CPU
		{ED33D68B-6E78-4CFA-89C3-392B3680DF58}.Debug|Any CPU.ActiveCfg = Debug|Any CPU
		{ED33D68B-6E78-4CFA-89C3-392B3680DF58}.Debug|Any CPU.Build.0 = Debug|Any CPU
		{ED33D68B-6E78-4CFA-89C3-392B3680DF58}.Release|Any CPU.ActiveCfg = Release|Any CPU
		{ED33D68B-6E78-4CFA-89C3-392B3680DF58}.Release|Any CPU.Build.0 = Release|Any CPU
	EndGlobalSection
	GlobalSection(SolutionProperties) = preSolution
		HideSolutionNode = FALSE
	EndGlobalSection
	GlobalSection(ExtensibilityGlobals) = postSolution
		SolutionGuid = {3A4D4D9D-F90D-45DB-871B-680977BE3544}
	EndGlobalSection
EndGlobal
