
Microsoft Visual Studio Solution File, Format Version 12.00
# Visual Studio Version 17
VisualStudioVersion = 17.8.34330.188
MinimumVisualStudioVersion = 10.0.40219.1
Project("{9A19103F-16F7-4668-BE54-9A1E7A4F7556}") = "Lab2_3", "Lab2_3.csproj", "{7B28FE35-4BD1-461C-B022-3FCD162ED54C}"
EndProject
Global
	GlobalSection(SolutionConfigurationPlatforms) = preSolution
		Debug|Any CPU = Debug|Any CPU
		Release|Any CPU = Release|Any CPU
	EndGlobalSection
	GlobalSection(ProjectConfigurationPlatforms) = postSolution
		{7B28FE35-4BD1-461C-B022-3FCD162ED54C}.Debug|Any CPU.ActiveCfg = Debug|Any CPU
		{7B28FE35-4BD1-461C-B022-3FCD162ED54C}.Debug|Any CPU.Build.0 = Debug|Any CPU
		{7B28FE35-4BD1-461C-B022-3FCD162ED54C}.Release|Any CPU.ActiveCfg = Release|Any CPU
		{7B28FE35-4BD1-461C-B022-3FCD162ED54C}.Release|Any CPU.Build.0 = Release|Any CPU
	EndGlobalSection
	GlobalSection(SolutionProperties) = preSolution
		HideSolutionNode = FALSE
	EndGlobalSection
	GlobalSection(ExtensibilityGlobals) = postSolution
		SolutionGuid = {9893917D-3C14-44EB-8EDD-757383F130EC}
	EndGlobalSection
EndGlobal
